// !$*UTF8*$!
{
	archiveVersion = 1;
	classes = {
	};
	objectVersion = 55;
	objects = {

/* Begin PBXBuildFile section */
		32E8AA0D284E802B00464409 /* WaifuImageApp.swift in Sources */ = {isa = PBXBuildFile; fileRef = 32E8AA0C284E802B00464409 /* WaifuImageApp.swift */; };
		32E8AA0F284E802B00464409 /* ContentView.swift in Sources */ = {isa = PBXBuildFile; fileRef = 32E8AA0E284E802B00464409 /* ContentView.swift */; };
		32E8AA11284E802C00464409 /* Assets.xcassets in Resources */ = {isa = PBXBuildFile; fileRef = 32E8AA10284E802C00464409 /* Assets.xcassets */; };
		32E8AA14284E802C00464409 /* Preview Assets.xcassets in Resources */ = {isa = PBXBuildFile; fileRef = 32E8AA13284E802C00464409 /* Preview Assets.xcassets */; };
		32E8AA1D284E813D00464409 /* UrlSessionExtended.swift in Sources */ = {isa = PBXBuildFile; fileRef = 32E8AA1C284E813D00464409 /* UrlSessionExtended.swift */; };
		32E8AA20284E815B00464409 /* WaifuModel.swift in Sources */ = {isa = PBXBuildFile; fileRef = 32E8AA1F284E815B00464409 /* WaifuModel.swift */; };
		32E8AA22284E819700464409 /* ApiService.swift in Sources */ = {isa = PBXBuildFile; fileRef = 32E8AA21284E819700464409 /* ApiService.swift */; };
		32E8AA25284E81CB00464409 /* ImageTypeEnum.swift in Sources */ = {isa = PBXBuildFile; fileRef = 32E8AA24284E81CB00464409 /* ImageTypeEnum.swift */; };
		32E8AA28284E894D00464409 /* WaifuViewModel.swift in Sources */ = {isa = PBXBuildFile; fileRef = 32E8AA27284E894D00464409 /* WaifuViewModel.swift */; };
		32E8AA2A284E89CB00464409 /* WaifuInterable.swift in Sources */ = {isa = PBXBuildFile; fileRef = 32E8AA29284E89CB00464409 /* WaifuInterable.swift */; };
		32FD9AB6285175B400A72A17 /* Error.swift in Sources */ = {isa = PBXBuildFile; fileRef = 32FD9AB5285175B400A72A17 /* Error.swift */; };
/* End PBXBuildFile section */

/* Begin PBXFileReference section */
		32E8AA09284E802B00464409 /* WaifuImage.app */ = {isa = PBXFileReference; explicitFileType = wrapper.application; includeInIndex = 0; path = WaifuImage.app; sourceTree = BUILT_PRODUCTS_DIR; };
		32E8AA0C284E802B00464409 /* WaifuImageApp.swift */ = {isa = PBXFileReference; lastKnownFileType = sourcecode.swift; path = WaifuImageApp.swift; sourceTree = "<group>"; };
		32E8AA0E284E802B00464409 /* ContentView.swift */ = {isa = PBXFileReference; lastKnownFileType = sourcecode.swift; path = ContentView.swift; sourceTree = "<group>"; };
		32E8AA10284E802C00464409 /* Assets.xcassets */ = {isa = PBXFileReference; lastKnownFileType = folder.assetcatalog; path = Assets.xcassets; sourceTree = "<group>"; };
		32E8AA13284E802C00464409 /* Preview Assets.xcassets */ = {isa = PBXFileReference; lastKnownFileType = folder.assetcatalog; path = "Preview Assets.xcassets"; sourceTree = "<group>"; };
		32E8AA1C284E813D00464409 /* UrlSessionExtended.swift */ = {isa = PBXFileReference; lastKnownFileType = sourcecode.swift; path = UrlSessionExtended.swift; sourceTree = "<group>"; };
		32E8AA1F284E815B00464409 /* WaifuModel.swift */ = {isa = PBXFileReference; lastKnownFileType = sourcecode.swift; path = WaifuModel.swift; sourceTree = "<group>"; };
		32E8AA21284E819700464409 /* ApiService.swift */ = {isa = PBXFileReference; lastKnownFileType = sourcecode.swift; path = ApiService.swift; sourceTree = "<group>"; };
		32E8AA24284E81CB00464409 /* ImageTypeEnum.swift */ = {isa = PBXFileReference; lastKnownFileType = sourcecode.swift; path = ImageTypeEnum.swift; sourceTree = "<group>"; };
		32E8AA27284E894D00464409 /* WaifuViewModel.swift */ = {isa = PBXFileReference; lastKnownFileType = sourcecode.swift; path = WaifuViewModel.swift; sourceTree = "<group>"; };
		32E8AA29284E89CB00464409 /* WaifuInterable.swift */ = {isa = PBXFileReference; lastKnownFileType = sourcecode.swift; path = WaifuInterable.swift; sourceTree = "<group>"; };
		32FD9AB5285175B400A72A17 /* Error.swift */ = {isa = PBXFileReference; lastKnownFileType = sourcecode.swift; path = Error.swift; sourceTree = "<group>"; };
/* End PBXFileReference section */

/* Begin PBXFrameworksBuildPhase section */
		32E8AA06284E802B00464409 /* Frameworks */ = {
			isa = PBXFrameworksBuildPhase;
			buildActionMask = 2147483647;
			files = (
			);
			runOnlyForDeploymentPostprocessing = 0;
		};
/* End PBXFrameworksBuildPhase section */

/* Begin PBXGroup section */
		32E8AA00284E802B00464409 = {
			isa = PBXGroup;
			children = (
				32E8AA0B284E802B00464409 /* WaifuImage */,
				32E8AA0A284E802B00464409 /* Products */,
			);
			sourceTree = "<group>";
		};
		32E8AA0A284E802B00464409 /* Products */ = {
			isa = PBXGroup;
			children = (
				32E8AA09284E802B00464409 /* WaifuImage.app */,
			);
			name = Products;
			sourceTree = "<group>";
		};
		32E8AA0B284E802B00464409 /* WaifuImage */ = {
			isa = PBXGroup;
			children = (
				32E8AA26284E893400464409 /* ViewModel */,
				32E8AA1E284E814E00464409 /* Model */,
				32E8AA1B284E805F00464409 /* Utils */,
				32E8AA1A284E805200464409 /* Service */,
				32E8AA0E284E802B00464409 /* ContentView.swift */,
				32E8AA0C284E802B00464409 /* WaifuImageApp.swift */,
				32E8AA10284E802C00464409 /* Assets.xcassets */,
				32E8AA12284E802C00464409 /* Preview Content */,
			);
			path = WaifuImage;
			sourceTree = "<group>";
		};
		32E8AA12284E802C00464409 /* Preview Content */ = {
			isa = PBXGroup;
			children = (
				32E8AA13284E802C00464409 /* Preview Assets.xcassets */,
			);
			path = "Preview Content";
			sourceTree = "<group>";
		};
		32E8AA1A284E805200464409 /* Service */ = {
			isa = PBXGroup;
			children = (
				32E8AA23284E81B400464409 /* EnumService */,
				32E8AA21284E819700464409 /* ApiService.swift */,
			);
			path = Service;
			sourceTree = "<group>";
		};
		32E8AA1B284E805F00464409 /* Utils */ = {
			isa = PBXGroup;
			children = (
				32E8AA1C284E813D00464409 /* UrlSessionExtended.swift */,
				32FD9AB5285175B400A72A17 /* Error.swift */,
			);
			path = Utils;
			sourceTree = "<group>";
		};
		32E8AA1E284E814E00464409 /* Model */ = {
			isa = PBXGroup;
			children = (
				32E8AA1F284E815B00464409 /* WaifuModel.swift */,
				32E8AA29284E89CB00464409 /* WaifuInterable.swift */,
			);
			path = Model;
			sourceTree = "<group>";
		};
		32E8AA23284E81B400464409 /* EnumService */ = {
			isa = PBXGroup;
			children = (
				32E8AA24284E81CB00464409 /* ImageTypeEnum.swift */,
			);
			path = EnumService;
			sourceTree = "<group>";
		};
		32E8AA26284E893400464409 /* ViewModel */ = {
			isa = PBXGroup;
			children = (
				32E8AA27284E894D00464409 /* WaifuViewModel.swift */,
			);
			path = ViewModel;
			sourceTree = "<group>";
		};
/* End PBXGroup section */

/* Begin PBXNativeTarget section */
		32E8AA08284E802B00464409 /* WaifuImage */ = {
			isa = PBXNativeTarget;
			buildConfigurationList = 32E8AA17284E802C00464409 /* Build configuration list for PBXNativeTarget "WaifuImage" */;
			buildPhases = (
				32E8AA05284E802B00464409 /* Sources */,
				32E8AA06284E802B00464409 /* Frameworks */,
				32E8AA07284E802B00464409 /* Resources */,
			);
			buildRules = (
			);
			dependencies = (
			);
			name = WaifuImage;
			productName = WaifuImage;
			productReference = 32E8AA09284E802B00464409 /* WaifuImage.app */;
			productType = "com.apple.product-type.application";
		};
/* End PBXNativeTarget section */

/* Begin PBXProject section */
		32E8AA01284E802B00464409 /* Project object */ = {
			isa = PBXProject;
			attributes = {
				BuildIndependentTargetsInParallel = 1;
				LastSwiftUpdateCheck = 1320;
				LastUpgradeCheck = 1320;
				TargetAttributes = {
					32E8AA08284E802B00464409 = {
						CreatedOnToolsVersion = 13.2.1;
					};
				};
			};
			buildConfigurationList = 32E8AA04284E802B00464409 /* Build configuration list for PBXProject "WaifuImage" */;
			compatibilityVersion = "Xcode 13.0";
			developmentRegion = en;
			hasScannedForEncodings = 0;
			knownRegions = (
				en,
				Base,
			);
			mainGroup = 32E8AA00284E802B00464409;
			productRefGroup = 32E8AA0A284E802B00464409 /* Products */;
			projectDirPath = "";
			projectRoot = "";
			targets = (
				32E8AA08284E802B00464409 /* WaifuImage */,
			);
		};
/* End PBXProject section */

/* Begin PBXResourcesBuildPhase section */
		32E8AA07284E802B00464409 /* Resources */ = {
			isa = PBXResourcesBuildPhase;
			buildActionMask = 2147483647;
			files = (
				32E8AA14284E802C00464409 /* Preview Assets.xcassets in Resources */,
				32E8AA11284E802C00464409 /* Assets.xcassets in Resources */,
			);
			runOnlyForDeploymentPostprocessing = 0;
		};
/* End PBXResourcesBuildPhase section */

/* Begin PBXSourcesBuildPhase section */
		32E8AA05284E802B00464409 /* Sources */ = {
			isa = PBXSourcesBuildPhase;
			buildActionMask = 2147483647;
			files = (
				32E8AA28284E894D00464409 /* WaifuViewModel.swift in Sources */,
				32E8AA2A284E89CB00464409 /* WaifuInterable.swift in Sources */,
				32E8AA20284E815B00464409 /* WaifuModel.swift in Sources */,
				32FD9AB6285175B400A72A17 /* Error.swift in Sources */,
				32E8AA22284E819700464409 /* ApiService.swift in Sources */,
				32E8AA1D284E813D00464409 /* UrlSessionExtended.swift in Sources */,
				32E8AA0F284E802B00464409 /* ContentView.swift in Sources */,
				32E8AA25284E81CB00464409 /* ImageTypeEnum.swift in Sources */,
				32E8AA0D284E802B00464409 /* WaifuImageApp.swift in Sources */,
			);
			runOnlyForDeploymentPostprocessing = 0;
		};
/* End PBXSourcesBuildPhase section */

/* Begin XCBuildConfiguration section */
		32E8AA15284E802C00464409 /* Debug */ = {
			isa = XCBuildConfiguration;
			buildSettings = {
				ALWAYS_SEARCH_USER_PATHS = NO;
				CLANG_ANALYZER_NONNULL = YES;
				CLANG_ANALYZER_NUMBER_OBJECT_CONVERSION = YES_AGGRESSIVE;
				CLANG_CXX_LANGUAGE_STANDARD = "gnu++17";
				CLANG_CXX_LIBRARY = "libc++";
				CLANG_ENABLE_MODULES = YES;
				CLANG_ENABLE_OBJC_ARC = YES;
				CLANG_ENABLE_OBJC_WEAK = YES;
				CLANG_WARN_BLOCK_CAPTURE_AUTORELEASING = YES;
				CLANG_WARN_BOOL_CONVERSION = YES;
				CLANG_WARN_COMMA = YES;
				CLANG_WARN_CONSTANT_CONVERSION = YES;
				CLANG_WARN_DEPRECATED_OBJC_IMPLEMENTATIONS = YES;
				CLANG_WARN_DIRECT_OBJC_ISA_USAGE = YES_ERROR;
				CLANG_WARN_DOCUMENTATION_COMMENTS = YES;
				CLANG_WARN_EMPTY_BODY = YES;
				CLANG_WARN_ENUM_CONVERSION = YES;
				CLANG_WARN_INFINITE_RECURSION = YES;
				CLANG_WARN_INT_CONVERSION = YES;
				CLANG_WARN_NON_LITERAL_NULL_CONVERSION = YES;
				CLANG_WARN_OBJC_IMPLICIT_RETAIN_SELF = YES;
				CLANG_WARN_OBJC_LITERAL_CONVERSION = YES;
				CLANG_WARN_OBJC_ROOT_CLASS = YES_ERROR;
				CLANG_WARN_QUOTED_INCLUDE_IN_FRAMEWORK_HEADER = YES;
				CLANG_WARN_RANGE_LOOP_ANALYSIS = YES;
				CLANG_WARN_STRICT_PROTOTYPES = YES;
				CLANG_WARN_SUSPICIOUS_MOVE = YES;
				CLANG_WARN_UNGUARDED_AVAILABILITY = YES_AGGRESSIVE;
				CLANG_WARN_UNREACHABLE_CODE = YES;
				CLANG_WARN__DUPLICATE_METHOD_MATCH = YES;
				COPY_PHASE_STRIP = NO;
				DEBUG_INFORMATION_FORMAT = dwarf;
				ENABLE_STRICT_OBJC_MSGSEND = YES;
				ENABLE_TESTABILITY = YES;
				GCC_C_LANGUAGE_STANDARD = gnu11;
				GCC_DYNAMIC_NO_PIC = NO;
				GCC_NO_COMMON_BLOCKS = YES;
				GCC_OPTIMIZATION_LEVEL = 0;
				GCC_PREPROCESSOR_DEFINITIONS = (
					"DEBUG=1",
					"$(inherited)",
				);
				GCC_WARN_64_TO_32_BIT_CONVERSION = YES;
				GCC_WARN_ABOUT_RETURN_TYPE = YES_ERROR;
				GCC_WARN_UNDECLARED_SELECTOR = YES;
				GCC_WARN_UNINITIALIZED_AUTOS = YES_AGGRESSIVE;
				GCC_WARN_UNUSED_FUNCTION = YES;
				GCC_WARN_UNUSED_VARIABLE = YES;
				IPHONEOS_DEPLOYMENT_TARGET = 15.2;
				MTL_ENABLE_DEBUG_INFO = INCLUDE_SOURCE;
				MTL_FAST_MATH = YES;
				ONLY_ACTIVE_ARCH = YES;
				SDKROOT = iphoneos;
				SWIFT_ACTIVE_COMPILATION_CONDITIONS = DEBUG;
				SWIFT_OPTIMIZATION_LEVEL = "-Onone";
			};
			name = Debug;
		};
		32E8AA16284E802C00464409 /* Release */ = {
			isa = XCBuildConfiguration;
			buildSettings = {
				ALWAYS_SEARCH_USER_PATHS = NO;
				CLANG_ANALYZER_NONNULL = YES;
				CLANG_ANALYZER_NUMBER_OBJECT_CONVERSION = YES_AGGRESSIVE;
				CLANG_CXX_LANGUAGE_STANDARD = "gnu++17";
				CLANG_CXX_LIBRARY = "libc++";
				CLANG_ENABLE_MODULES = YES;
				CLANG_ENABLE_OBJC_ARC = YES;
				CLANG_ENABLE_OBJC_WEAK = YES;
				CLANG_WARN_BLOCK_CAPTURE_AUTORELEASING = YES;
				CLANG_WARN_BOOL_CONVERSION = YES;
				CLANG_WARN_COMMA = YES;
				CLANG_WARN_CONSTANT_CONVERSION = YES;
				CLANG_WARN_DEPRECATED_OBJC_IMPLEMENTATIONS = YES;
				CLANG_WARN_DIRECT_OBJC_ISA_USAGE = YES_ERROR;
				CLANG_WARN_DOCUMENTATION_COMMENTS = YES;
				CLANG_WARN_EMPTY_BODY = YES;
				CLANG_WARN_ENUM_CONVERSION = YES;
				CLANG_WARN_INFINITE_RECURSION = YES;
				CLANG_WARN_INT_CONVERSION = YES;
				CLANG_WARN_NON_LITERAL_NULL_CONVERSION = YES;
				CLANG_WARN_OBJC_IMPLICIT_RETAIN_SELF = YES;
				CLANG_WARN_OBJC_LITERAL_CONVERSION = YES;
				CLANG_WARN_OBJC_ROOT_CLASS = YES_ERROR;
				CLANG_WARN_QUOTED_INCLUDE_IN_FRAMEWORK_HEADER = YES;
				CLANG_WARN_RANGE_LOOP_ANALYSIS = YES;
				CLANG_WARN_STRICT_PROTOTYPES = YES;
				CLANG_WARN_SUSPICIOUS_MOVE = YES;
				CLANG_WARN_UNGUARDED_AVAILABILITY = YES_AGGRESSIVE;
				CLANG_WARN_UNREACHABLE_CODE = YES;
				CLANG_WARN__DUPLICATE_METHOD_MATCH = YES;
				COPY_PHASE_STRIP = NO;
				DEBUG_INFORMATION_FORMAT = "dwarf-with-dsym";
				ENABLE_NS_ASSERTIONS = NO;
				ENABLE_STRICT_OBJC_MSGSEND = YES;
				GCC_C_LANGUAGE_STANDARD = gnu11;
				GCC_NO_COMMON_BLOCKS = YES;
				GCC_WARN_64_TO_32_BIT_CONVERSION = YES;
				GCC_WARN_ABOUT_RETURN_TYPE = YES_ERROR;
				GCC_WARN_UNDECLARED_SELECTOR = YES;
				GCC_WARN_UNINITIALIZED_AUTOS = YES_AGGRESSIVE;
				GCC_WARN_UNUSED_FUNCTION = YES;
				GCC_WARN_UNUSED_VARIABLE = YES;
				IPHONEOS_DEPLOYMENT_TARGET = 15.2;
				MTL_ENABLE_DEBUG_INFO = NO;
				MTL_FAST_MATH = YES;
				SDKROOT = iphoneos;
				SWIFT_COMPILATION_MODE = wholemodule;
				SWIFT_OPTIMIZATION_LEVEL = "-O";
				VALIDATE_PRODUCT = YES;
			};
			name = Release;
		};
		32E8AA18284E802C00464409 /* Debug */ = {
			isa = XCBuildConfiguration;
			buildSettings = {
				ASSETCATALOG_COMPILER_APPICON_NAME = AppIcon;
				ASSETCATALOG_COMPILER_GLOBAL_ACCENT_COLOR_NAME = AccentColor;
				CODE_SIGN_STYLE = Automatic;
				CURRENT_PROJECT_VERSION = 1;
				DEVELOPMENT_ASSET_PATHS = "\"WaifuImage/Preview Content\"";
				DEVELOPMENT_TEAM = WX7SUM4FTF;
				ENABLE_PREVIEWS = YES;
				GENERATE_INFOPLIST_FILE = YES;
				INFOPLIST_KEY_UIApplicationSceneManifest_Generation = YES;
				INFOPLIST_KEY_UIApplicationSupportsIndirectInputEvents = YES;
				INFOPLIST_KEY_UILaunchScreen_Generation = YES;
				INFOPLIST_KEY_UISupportedInterfaceOrientations_iPad = "UIInterfaceOrientationPortrait UIInterfaceOrientationPortraitUpsideDown UIInterfaceOrientationLandscapeLeft UIInterfaceOrientationLandscapeRight";
				INFOPLIST_KEY_UISupportedInterfaceOrientations_iPhone = "UIInterfaceOrientationPortrait UIInterfaceOrientationLandscapeLeft UIInterfaceOrientationLandscapeRight";
				LD_RUNPATH_SEARCH_PATHS = (
					"$(inherited)",
					"@executable_path/Frameworks",
				);
				MARKETING_VERSION = 1.0;
				PRODUCT_BUNDLE_IDENTIFIER = GabrielCompany.WaifuImage;
				PRODUCT_NAME = "$(TARGET_NAME)";
				SWIFT_EMIT_LOC_STRINGS = YES;
				SWIFT_VERSION = 5.0;
				TARGETED_DEVICE_FAMILY = "1,2";
			};
			name = Debug;
		};
		32E8AA19284E802C00464409 /* Release */ = {
			isa = XCBuildConfiguration;
			buildSettings = {
				ASSETCATALOG_COMPILER_APPICON_NAME = AppIcon;
				ASSETCATALOG_COMPILER_GLOBAL_ACCENT_COLOR_NAME = AccentColor;
				CODE_SIGN_STYLE = Automatic;
				CURRENT_PROJECT_VERSION = 1;
				DEVELOPMENT_ASSET_PATHS = "\"WaifuImage/Preview Content\"";
				DEVELOPMENT_TEAM = WX7SUM4FTF;
				ENABLE_PREVIEWS = YES;
				GENERATE_INFOPLIST_FILE = YES;
				INFOPLIST_KEY_UIApplicationSceneManifest_Generation = YES;
				INFOPLIST_KEY_UIApplicationSupportsIndirectInputEvents = YES;
				INFOPLIST_KEY_UILaunchScreen_Generation = YES;
				INFOPLIST_KEY_UISupportedInterfaceOrientations_iPad = "UIInterfaceOrientationPortrait UIInterfaceOrientationPortraitUpsideDown UIInterfaceOrientationLandscapeLeft UIInterfaceOrientationLandscapeRight";
				INFOPLIST_KEY_UISupportedInterfaceOrientations_iPhone = "UIInterfaceOrientationPortrait UIInterfaceOrientationLandscapeLeft UIInterfaceOrientationLandscapeRight";
				LD_RUNPATH_SEARCH_PATHS = (
					"$(inherited)",
					"@executable_path/Frameworks",
				);
				MARKETING_VERSION = 1.0;
				PRODUCT_BUNDLE_IDENTIFIER = GabrielCompany.WaifuImage;
				PRODUCT_NAME = "$(TARGET_NAME)";
				SWIFT_EMIT_LOC_STRINGS = YES;
				SWIFT_VERSION = 5.0;
				TARGETED_DEVICE_FAMILY = "1,2";
			};
			name = Release;
		};
/* End XCBuildConfiguration section */

/* Begin XCConfigurationList section */
		32E8AA04284E802B00464409 /* Build configuration list for PBXProject "WaifuImage" */ = {
			isa = XCConfigurationList;
			buildConfigurations = (
				32E8AA15284E802C00464409 /* Debug */,
				32E8AA16284E802C00464409 /* Release */,
			);
			defaultConfigurationIsVisible = 0;
			defaultConfigurationName = Release;
		};
		32E8AA17284E802C00464409 /* Build configuration list for PBXNativeTarget "WaifuImage" */ = {
			isa = XCConfigurationList;
			buildConfigurations = (
				32E8AA18284E802C00464409 /* Debug */,
				32E8AA19284E802C00464409 /* Release */,
			);
			defaultConfigurationIsVisible = 0;
			defaultConfigurationName = Release;
		};
/* End XCConfigurationList section */
	};
	rootObject = 32E8AA01284E802B00464409 /* Project object */;
}
